
Microsoft Visual Studio Solution File, Format Version 12.00
# Visual Studio Version 16
VisualStudioVersion = 16.0.30225.117
MinimumVisualStudioVersion = 10.0.40219.1
Project("{FAE04EC0-301F-11D3-BF4B-00C04F79EFBC}") = "IsNumber", "IsNumber\IsNumber.csproj", "{BE195416-FC05-48A8-BEAD-945011CFBDFE}"
EndProject
Global
	GlobalSection(SolutionConfigurationPlatforms) = preSolution
		Debug|Any CPU = Debug|Any CPU
		Release|Any CPU = Release|Any CPU
	EndGlobalSection
	GlobalSection(ProjectConfigurationPlatforms) = postSolution
		{BE195416-FC05-48A8-BEAD-945011CFBDFE}.Debug|Any CPU.ActiveCfg = Debug|Any CPU
		{BE195416-FC05-48A8-BEAD-945011CFBDFE}.Debug|Any CPU.Build.0 = Debug|Any CPU
		{BE195416-FC05-48A8-BEAD-945011CFBDFE}.Release|Any CPU.ActiveCfg = Release|Any CPU
		{BE195416-FC05-48A8-BEAD-945011CFBDFE}.Release|Any CPU.Build.0 = Release|Any CPU
	EndGlobalSection
	GlobalSection(SolutionProperties) = preSolution
		HideSolutionNode = FALSE
	EndGlobalSection
	GlobalSection(ExtensibilityGlobals) = postSolution
		SolutionGuid = {5AD0C71C-C36D-44FB-B001-6E3A7C71B87D}
	EndGlobalSection
EndGlobal
