
Microsoft Visual Studio Solution File, Format Version 12.00
# Visual Studio Version 16
VisualStudioVersion = 16.0.30225.117
MinimumVisualStudioVersion = 10.0.40219.1
Project("{FAE04EC0-301F-11D3-BF4B-00C04F79EFBC}") = "Sorted Arrays Median", "Sorted Arrays Median\Sorted Arrays Median.csproj", "{AB94DFE1-B7C1-4DE5-A400-5DF10108C3D2}"
EndProject
Global
	GlobalSection(SolutionConfigurationPlatforms) = preSolution
		Debug|Any CPU = Debug|Any CPU
		Release|Any CPU = Release|Any CPU
	EndGlobalSection
	GlobalSection(ProjectConfigurationPlatforms) = postSolution
		{AB94DFE1-B7C1-4DE5-A400-5DF10108C3D2}.Debug|Any CPU.ActiveCfg = Debug|Any CPU
		{AB94DFE1-B7C1-4DE5-A400-5DF10108C3D2}.Debug|Any CPU.Build.0 = Debug|Any CPU
		{AB94DFE1-B7C1-4DE5-A400-5DF10108C3D2}.Release|Any CPU.ActiveCfg = Release|Any CPU
		{AB94DFE1-B7C1-4DE5-A400-5DF10108C3D2}.Release|Any CPU.Build.0 = Release|Any CPU
	EndGlobalSection
	GlobalSection(SolutionProperties) = preSolution
		HideSolutionNode = FALSE
	EndGlobalSection
	GlobalSection(ExtensibilityGlobals) = postSolution
		SolutionGuid = {56029D1F-744F-4CD3-8FBD-D4778EF98C4E}
	EndGlobalSection
EndGlobal
